
Microsoft Visual Studio Solution File, Format Version 12.00
# Visual Studio Version 17
VisualStudioVersion = 17.0.31903.59
MinimumVisualStudioVersion = 10.0.40219.1
Project("{FAE04EC0-301F-11D3-BF4B-00C04F79EFBC}") = "ZeroGames.Evalite", "ZeroGames.Evalite\ZeroGames.Evalite.csproj", "{F079208D-8FE8-4139-8C48-C4ECAB99877F}"
EndProject
Project("{FAE04EC0-301F-11D3-BF4B-00C04F79EFBC}") = "ZeroGames.Evalite.Test", "ZeroGames.Evalite.Test\ZeroGames.Evalite.Test.csproj", "{100F3AAC-FDDC-478C-A825-BBBA518EC94E}"
EndProject
Global
	GlobalSection(SolutionConfigurationPlatforms) = preSolution
		Debug|Any CPU = Debug|Any CPU
		Release|Any CPU = Release|Any CPU
	EndGlobalSection
	GlobalSection(SolutionProperties) = preSolution
		HideSolutionNode = FALSE
	EndGlobalSection
	GlobalSection(ProjectConfigurationPlatforms) = postSolution
		{F079208D-8FE8-4139-8C48-C4ECAB99877F}.Debug|Any CPU.ActiveCfg = Debug|Any CPU
		{F079208D-8FE8-4139-8C48-C4ECAB99877F}.Debug|Any CPU.Build.0 = Debug|Any CPU
		{F079208D-8FE8-4139-8C48-C4ECAB99877F}.Release|Any CPU.ActiveCfg = Release|Any CPU
		{F079208D-8FE8-4139-8C48-C4ECAB99877F}.Release|Any CPU.Build.0 = Release|Any CPU
		{100F3AAC-FDDC-478C-A825-BBBA518EC94E}.Debug|Any CPU.ActiveCfg = Debug|Any CPU
		{100F3AAC-FDDC-478C-A825-BBBA518EC94E}.Debug|Any CPU.Build.0 = Debug|Any CPU
		{100F3AAC-FDDC-478C-A825-BBBA518EC94E}.Release|Any CPU.ActiveCfg = Release|Any CPU
		{100F3AAC-FDDC-478C-A825-BBBA518EC94E}.Release|Any CPU.Build.0 = Release|Any CPU
	EndGlobalSection
EndGlobal
